
Microsoft Visual Studio Solution File, Format Version 12.00
# Visual Studio Version 17
VisualStudioVersion = 17.3.32825.248
MinimumVisualStudioVersion = 10.0.40219.1
Project("{FAE04EC0-301F-11D3-BF4B-00C04F79EFBC}") = "Filling_station_project", "Filling_station_project\Filling_station_project.csproj", "{78B2EC1E-46F5-4403-999E-A56C1E24539A}"
EndProject
Global
	GlobalSection(SolutionConfigurationPlatforms) = preSolution
		Debug|Any CPU = Debug|Any CPU
		Release|Any CPU = Release|Any CPU
	EndGlobalSection
	GlobalSection(ProjectConfigurationPlatforms) = postSolution
		{78B2EC1E-46F5-4403-999E-A56C1E24539A}.Debug|Any CPU.ActiveCfg = Debug|Any CPU
		{78B2EC1E-46F5-4403-999E-A56C1E24539A}.Debug|Any CPU.Build.0 = Debug|Any CPU
		{78B2EC1E-46F5-4403-999E-A56C1E24539A}.Release|Any CPU.ActiveCfg = Release|Any CPU
		{78B2EC1E-46F5-4403-999E-A56C1E24539A}.Release|Any CPU.Build.0 = Release|Any CPU
	EndGlobalSection
	GlobalSection(SolutionProperties) = preSolution
		HideSolutionNode = FALSE
	EndGlobalSection
	GlobalSection(ExtensibilityGlobals) = postSolution
		SolutionGuid = {B06B7726-6494-4F3D-9E90-AC134548281A}
	EndGlobalSection
EndGlobal
